# This file is automatically @generated by Poetry 1.6.1 and should not be changed by hand.

[[package]]
name = "common"
version = "0.0.1"
description = "Common para TP1"
optional = false
python-versions = ">=3.10"
files = []
develop = true

[package.source]
type = "directory"
url = "../common"

[metadata]
lock-version = "2.0"
python-versions = ">=3.10"
content-hash = "390f8fc3156a2d5ff7b4a2c516c5e55ad2643984bdde917be1fd1ca45930e0d5"
