# This file is automatically @generated by Poetry 1.6.1 and should not be changed by hand.

[[package]]
name = "common"
version = "0.0.1"
description = "Common para TP1"
optional = false
python-versions = ">=3.10"
files = []
develop = true

[package.source]
type = "directory"
url = "../common"

[[package]]
name = "middleware"
version = "0.0.1"
description = "Middlewaree para TP1"
optional = false
python-versions = ">=3.10"
files = []
develop = true

[package.dependencies]
common = {path = "../common", develop = true}

[package.source]
type = "directory"
url = "../middleware"

[metadata]
lock-version = "2.0"
python-versions = ">=3.10"
content-hash = "620bba3187741bac40d02a6fff344d433fd794d48d03345bc8cbefc5ebe52def"
