# This file is automatically @generated by Poetry 1.6.1 and should not be changed by hand.

[[package]]
name = "geographiclib"
version = "2.0"
description = "The geodesic routines from GeographicLib"
optional = false
python-versions = ">=3.7"
files = [
    {file = "geographiclib-2.0-py3-none-any.whl", hash = "sha256:6b7225248e45ff7edcee32becc4e0a1504c606ac5ee163a5656d482e0cd38734"},
    {file = "geographiclib-2.0.tar.gz", hash = "sha256:f7f41c85dc3e1c2d3d935ec86660dc3b2c848c83e17f9a9e51ba9d5146a15859"},
]

[[package]]
name = "geopy"
version = "2.4.0"
description = "Python Geocoding Toolbox"
optional = false
python-versions = ">=3.7"
files = [
    {file = "geopy-2.4.0-py3-none-any.whl", hash = "sha256:d2639a46d0ce4c091e9688b750ba94348a14b898a1e55c68f4b4a07e7d1afa20"},
    {file = "geopy-2.4.0.tar.gz", hash = "sha256:a59392bf17adb486b25dbdd71fbed27733bdf24a2dac588047a619de56695e36"},
]

[package.dependencies]
geographiclib = ">=1.52,<3"

[package.extras]
aiohttp = ["aiohttp"]
dev = ["coverage", "flake8 (>=5.0,<5.1)", "isort (>=5.10.0,<5.11.0)", "pytest (>=3.10)", "pytest-asyncio (>=0.17)", "readme-renderer", "sphinx (<=4.3.2)", "sphinx-issues", "sphinx-rtd-theme (>=0.5.0)"]
dev-docs = ["readme-renderer", "sphinx (<=4.3.2)", "sphinx-issues", "sphinx-rtd-theme (>=0.5.0)"]
dev-lint = ["flake8 (>=5.0,<5.1)", "isort (>=5.10.0,<5.11.0)"]
dev-test = ["coverage", "pytest (>=3.10)", "pytest-asyncio (>=0.17)", "sphinx (<=4.3.2)"]
requests = ["requests (>=2.16.2)", "urllib3 (>=1.24.2)"]
timezone = ["pytz"]

[metadata]
lock-version = "2.0"
python-versions = ">=3.10"
content-hash = "af485742798c6e07e0cbcd866db5c249a22eccff0aec1e3109fc7a74811458b0"
